
Microsoft Visual Studio Solution File, Format Version 12.00
# Visual Studio Version 17
VisualStudioVersion = 17.5.33516.290
MinimumVisualStudioVersion = 10.0.40219.1
Project("{888888A0-9F3D-457C-B088-3A5042F75D52}") = "NNBasics", "NNBasics.pyproj", "{0E7C257B-A1A2-4D34-9AB5-6534A64D2B4A}"
EndProject
Global
	GlobalSection(SolutionConfigurationPlatforms) = preSolution
		Debug|Any CPU = Debug|Any CPU
		Release|Any CPU = Release|Any CPU
	EndGlobalSection
	GlobalSection(ProjectConfigurationPlatforms) = postSolution
		{0E7C257B-A1A2-4D34-9AB5-6534A64D2B4A}.Debug|Any CPU.ActiveCfg = Debug|Any CPU
		{0E7C257B-A1A2-4D34-9AB5-6534A64D2B4A}.Release|Any CPU.ActiveCfg = Release|Any CPU
	EndGlobalSection
	GlobalSection(SolutionProperties) = preSolution
		HideSolutionNode = FALSE
	EndGlobalSection
	GlobalSection(ExtensibilityGlobals) = postSolution
		SolutionGuid = {E6C0F7C6-6E98-4327-AAAA-04415A1E74E5}
	EndGlobalSection
EndGlobal
